
Microsoft Visual Studio Solution File, Format Version 12.00
# Visual Studio Version 17
VisualStudioVersion = 17.12.35209.166
MinimumVisualStudioVersion = 10.0.40219.1
Project("{9A19103F-16F7-4668-BE54-9A1E7A4F7556}") = "BulkyWeb", "BulkyWeb\BulkyWeb.csproj", "{7B977171-5D3B-4969-8B06-503C2F9204DC}"
EndProject
Project("{9A19103F-16F7-4668-BE54-9A1E7A4F7556}") = "Bulky.DataAccess", "Bulky.DataAccess\Bulky.DataAccess.csproj", "{8AAFB62C-8D58-4B51-B783-FC686DC1403C}"
EndProject
Project("{9A19103F-16F7-4668-BE54-9A1E7A4F7556}") = "Bulky.Models", "Bulky.Models\Bulky.Models.csproj", "{BE5CA9B0-22DA-404E-B325-AADDD92F7C5F}"
EndProject
Project("{9A19103F-16F7-4668-BE54-9A1E7A4F7556}") = "Bulky.Utility", "Bulky.Utility\Bulky.Utility.csproj", "{8E0D05D0-2DCA-4CAA-B9CE-F14BF4FF29CE}"
EndProject
Project("{FAE04EC0-301F-11D3-BF4B-00C04F79EFBC}") = "Bulky.DataAccess", "Bulky.DataAccess\Bulky.DataAccess.csproj", "{8AAFB62C-8D58-4B51-B783-FC686DC1403C}"
EndProject
Project("{FAE04EC0-301F-11D3-BF4B-00C04F79EFBC}") = "Bulky.Models", "Bulky.Models\Bulky.Models.csproj", "{BE5CA9B0-22DA-404E-B325-AADDD92F7C5F}"
EndProject
Project("{FAE04EC0-301F-11D3-BF4B-00C04F79EFBC}") = "Bulky.Utility", "Bulky.Utility\Bulky.Utility.csproj", "{8E0D05D0-2DCA-4CAA-B9CE-F14BF4FF29CE}"
EndProject
Global
	GlobalSection(SolutionConfigurationPlatforms) = preSolution
		Debug|Any CPU = Debug|Any CPU
		Release|Any CPU = Release|Any CPU
	EndGlobalSection
	GlobalSection(ProjectConfigurationPlatforms) = postSolution
		{7B977171-5D3B-4969-8B06-503C2F9204DC}.Debug|Any CPU.ActiveCfg = Debug|Any CPU
		{7B977171-5D3B-4969-8B06-503C2F9204DC}.Debug|Any CPU.Build.0 = Debug|Any CPU
		{7B977171-5D3B-4969-8B06-503C2F9204DC}.Release|Any CPU.ActiveCfg = Release|Any CPU
		{7B977171-5D3B-4969-8B06-503C2F9204DC}.Release|Any CPU.Build.0 = Release|Any CPU
		{8AAFB62C-8D58-4B51-B783-FC686DC1403C}.Debug|Any CPU.ActiveCfg = Debug|Any CPU
		{8AAFB62C-8D58-4B51-B783-FC686DC1403C}.Debug|Any CPU.Build.0 = Debug|Any CPU
		{8AAFB62C-8D58-4B51-B783-FC686DC1403C}.Release|Any CPU.ActiveCfg = Release|Any CPU
		{8AAFB62C-8D58-4B51-B783-FC686DC1403C}.Release|Any CPU.Build.0 = Release|Any CPU
		{BE5CA9B0-22DA-404E-B325-AADDD92F7C5F}.Debug|Any CPU.ActiveCfg = Debug|Any CPU
		{BE5CA9B0-22DA-404E-B325-AADDD92F7C5F}.Debug|Any CPU.Build.0 = Debug|Any CPU
		{BE5CA9B0-22DA-404E-B325-AADDD92F7C5F}.Release|Any CPU.ActiveCfg = Release|Any CPU
		{BE5CA9B0-22DA-404E-B325-AADDD92F7C5F}.Release|Any CPU.Build.0 = Release|Any CPU
		{8E0D05D0-2DCA-4CAA-B9CE-F14BF4FF29CE}.Debug|Any CPU.ActiveCfg = Debug|Any CPU
		{8E0D05D0-2DCA-4CAA-B9CE-F14BF4FF29CE}.Debug|Any CPU.Build.0 = Debug|Any CPU
		{8E0D05D0-2DCA-4CAA-B9CE-F14BF4FF29CE}.Release|Any CPU.ActiveCfg = Release|Any CPU
		{8E0D05D0-2DCA-4CAA-B9CE-F14BF4FF29CE}.Release|Any CPU.Build.0 = Release|Any CPU
	EndGlobalSection
	GlobalSection(SolutionProperties) = preSolution
		HideSolutionNode = FALSE
	EndGlobalSection
	GlobalSection(ExtensibilityGlobals) = postSolution
		SolutionGuid = {C4124B66-E89F-490E-B033-8C9721B5FF5F}
	EndGlobalSection
EndGlobal
